
Microsoft Visual Studio Solution File, Format Version 12.00
# Visual Studio Version 16
VisualStudioVersion = 16.0.31911.196
MinimumVisualStudioVersion = 10.0.40219.1
Project("{FAE04EC0-301F-11D3-BF4B-00C04F79EFBC}") = "Module3HW1", "Module3HW1\Module3HW1.csproj", "{DD2E3CFF-967A-481F-A3CF-ADBCD49CA22E}"
EndProject
Global
	GlobalSection(SolutionConfigurationPlatforms) = preSolution
		Debug|Any CPU = Debug|Any CPU
		Release|Any CPU = Release|Any CPU
	EndGlobalSection
	GlobalSection(ProjectConfigurationPlatforms) = postSolution
		{DD2E3CFF-967A-481F-A3CF-ADBCD49CA22E}.Debug|Any CPU.ActiveCfg = Debug|Any CPU
		{DD2E3CFF-967A-481F-A3CF-ADBCD49CA22E}.Debug|Any CPU.Build.0 = Debug|Any CPU
		{DD2E3CFF-967A-481F-A3CF-ADBCD49CA22E}.Release|Any CPU.ActiveCfg = Release|Any CPU
		{DD2E3CFF-967A-481F-A3CF-ADBCD49CA22E}.Release|Any CPU.Build.0 = Release|Any CPU
	EndGlobalSection
	GlobalSection(SolutionProperties) = preSolution
		HideSolutionNode = FALSE
	EndGlobalSection
	GlobalSection(ExtensibilityGlobals) = postSolution
		SolutionGuid = {0D13042E-B8B7-4D51-A2E9-417AD2E03EF7}
	EndGlobalSection
EndGlobal
